
Microsoft Visual Studio Solution File, Format Version 12.00
# Visual Studio Version 17
VisualStudioVersion = 17.7.34024.191
MinimumVisualStudioVersion = 10.0.40219.1
Project("{FAE04EC0-301F-11D3-BF4B-00C04F79EFBC}") = "PR7", "PR7\PR7.csproj", "{CF7A14D9-9CEA-4F6D-BBFE-3DA7C94DCD89}"
EndProject
Global
	GlobalSection(SolutionConfigurationPlatforms) = preSolution
		Debug|Any CPU = Debug|Any CPU
		Release|Any CPU = Release|Any CPU
	EndGlobalSection
	GlobalSection(ProjectConfigurationPlatforms) = postSolution
		{CF7A14D9-9CEA-4F6D-BBFE-3DA7C94DCD89}.Debug|Any CPU.ActiveCfg = Debug|Any CPU
		{CF7A14D9-9CEA-4F6D-BBFE-3DA7C94DCD89}.Debug|Any CPU.Build.0 = Debug|Any CPU
		{CF7A14D9-9CEA-4F6D-BBFE-3DA7C94DCD89}.Release|Any CPU.ActiveCfg = Release|Any CPU
		{CF7A14D9-9CEA-4F6D-BBFE-3DA7C94DCD89}.Release|Any CPU.Build.0 = Release|Any CPU
	EndGlobalSection
	GlobalSection(SolutionProperties) = preSolution
		HideSolutionNode = FALSE
	EndGlobalSection
	GlobalSection(ExtensibilityGlobals) = postSolution
		SolutionGuid = {CB8DC9E4-DA0F-4CDA-846F-A7713EC4A417}
	EndGlobalSection
EndGlobal
